
Microsoft Visual Studio Solution File, Format Version 12.00
# Visual Studio Version 16
VisualStudioVersion = 16.0.29509.3
MinimumVisualStudioVersion = 10.0.40219.1
Project("{FAE04EC0-301F-11D3-BF4B-00C04F79EFBC}") = "Lab5_4Mario", "Lab5_4Mario.csproj", "{F817A9E1-3B9A-4291-A0A4-259F53297266}"
EndProject
Global
	GlobalSection(SolutionConfigurationPlatforms) = preSolution
		Debug|Any CPU = Debug|Any CPU
		Release|Any CPU = Release|Any CPU
	EndGlobalSection
	GlobalSection(ProjectConfigurationPlatforms) = postSolution
		{F817A9E1-3B9A-4291-A0A4-259F53297266}.Debug|Any CPU.ActiveCfg = Debug|Any CPU
		{F817A9E1-3B9A-4291-A0A4-259F53297266}.Debug|Any CPU.Build.0 = Debug|Any CPU
		{F817A9E1-3B9A-4291-A0A4-259F53297266}.Release|Any CPU.ActiveCfg = Release|Any CPU
		{F817A9E1-3B9A-4291-A0A4-259F53297266}.Release|Any CPU.Build.0 = Release|Any CPU
	EndGlobalSection
	GlobalSection(SolutionProperties) = preSolution
		HideSolutionNode = FALSE
	EndGlobalSection
	GlobalSection(ExtensibilityGlobals) = postSolution
		SolutionGuid = {E0D56896-6E95-49DB-8B01-759A7547FAD7}
	EndGlobalSection
EndGlobal
